
Microsoft Visual Studio Solution File, Format Version 12.00
# Visual Studio Version 16
VisualStudioVersion = 16.0.29318.209
MinimumVisualStudioVersion = 10.0.40219.1
Project("{FAE04EC0-301F-11D3-BF4B-00C04F79EFBC}") = "Membership", "Membership\Membership.csproj", "{5FCA7BF7-7D41-4222-B1BD-482B2E797C9D}"
EndProject
Global
	GlobalSection(SolutionConfigurationPlatforms) = preSolution
		Debug|Any CPU = Debug|Any CPU
		Release|Any CPU = Release|Any CPU
	EndGlobalSection
	GlobalSection(ProjectConfigurationPlatforms) = postSolution
		{5FCA7BF7-7D41-4222-B1BD-482B2E797C9D}.Debug|Any CPU.ActiveCfg = Debug|Any CPU
		{5FCA7BF7-7D41-4222-B1BD-482B2E797C9D}.Debug|Any CPU.Build.0 = Debug|Any CPU
		{5FCA7BF7-7D41-4222-B1BD-482B2E797C9D}.Release|Any CPU.ActiveCfg = Release|Any CPU
		{5FCA7BF7-7D41-4222-B1BD-482B2E797C9D}.Release|Any CPU.Build.0 = Release|Any CPU
	EndGlobalSection
	GlobalSection(SolutionProperties) = preSolution
		HideSolutionNode = FALSE
	EndGlobalSection
	GlobalSection(ExtensibilityGlobals) = postSolution
		SolutionGuid = {4D77FD61-6952-4CB4-A3AA-4E7B8878AB1D}
	EndGlobalSection
EndGlobal
